{
    "_meta": {
        "hash": {
            "sha256": "6ee8306e252f12a3ecadaad4b97fd0bb9d26f27d3e95451bc5201b5ca9b320af"
        },
        "pipfile-spec": 6,
        "requires": {
            "python_version": "3.7"
        },
        "sources": [
            {
                "name": "pypi",
                "url": "https://pypi.org/simple",
                "verify_ssl": true
            }
        ]
    },
    "default": {
        "attrs": {
            "hashes": [
                "sha256:2d27e3784d7a565d36ab851fe94887c5eccd6a463168875832a1be79c82828b4",
                "sha256:626ba8234211db98e869df76230a137c4c40a12d72445c45d5f5b716f076e2fd"
            ],
            "markers": "python_version >= '2.7' and python_version not in '3.0, 3.1, 3.2, 3.3, 3.4'",
            "version": "==21.4.0"
        },
        "bcrypt": {
            "hashes": [
                "sha256:56e5da069a76470679f312a7d3d23deb3ac4519991a0361abc11da837087b61d",
                "sha256:5b93c1726e50a93a033c36e5ca7fdcd29a5c7395af50a6892f5d9e7c6cfbfb29",
                "sha256:63d4e3ff96188e5898779b6057878fecf3f11cfe6ec3b313ea09955d587ec7a7",
                "sha256:81fec756feff5b6818ea7ab031205e1d323d8943d237303baca2c5f9c7846f34",
                "sha256:a0584a92329210fcd75eb8a3250c5a941633f8bfaf2a18f81009b097732839b7",
                "sha256:a67fb841b35c28a59cebed05fbd3e80eea26e6d75851f0574a9273c80f3e9b55",
                "sha256:b589229207630484aefe5899122fb938a5b017b0f4349f769b8c13e78d99a8fd",
                "sha256:c95d4cbebffafcdd28bd28bb4e25b31c50f6da605c81ffd9ad8a3d1b2ab7b1b6",
                "sha256:cd1ea2ff3038509ea95f687256c46b79f5fc382ad0aa3664d200047546d511d1",
                "sha256:cdcdcb3972027f83fe24a48b1e90ea4b584d35f1cc279d76de6fc4b13376239d"
            ],
            "markers": "python_version >= '3.6'",
            "version": "==3.2.0"
        },
        "boto3": {
            "hashes": [
                "sha256:7fc97cb2c9cdff905e950750c8e8b23b872a84696158a28852355dc4b712ba3a",
                "sha256:818c56a317c176142dbf1dca3f5b4366c80460c6cc3c4efe22f0bde736571283"
            ],
            "index": "pypi",
            "version": "==1.10.2"
        },
        "botocore": {
            "hashes": [
                "sha256:765a5c637ff792239727c327b221ed5a4d851e9f176ce8b8b9eca536425c74d4",
                "sha256:adb4cb188cd0866e7337f9a049fc68db042b0340fd496d40bca349c8dbfc6a2d"
            ],
            "version": "==1.13.50"
        },
        "cached-property": {
            "hashes": [
                "sha256:9fa5755838eecbb2d234c3aa390bd80fbd3ac6b6869109bfc1b499f7bd89a130",
                "sha256:df4f613cf7ad9a588cc381aaf4a512d26265ecebd5eb9e1ba12f1319eb85a6a0"
            ],
            "markers": "python_version < '3.8'",
            "version": "==1.5.2"
        },
        "certifi": {
            "hashes": [
                "sha256:78884e7c1d4b00ce3cea67b44566851c4343c120abd683433ce934a68ea58872",
                "sha256:d62a0163eb4c2344ac042ab2bdf75399a71a2d8c7d47eac2e2ee91b9d6339569"
            ],
            "version": "==2021.10.8"
        },
        "cffi": {
            "hashes": [
                "sha256:00c878c90cb53ccfaae6b8bc18ad05d2036553e6d9d1d9dbcf323bbe83854ca3",
                "sha256:0104fb5ae2391d46a4cb082abdd5c69ea4eab79d8d44eaaf79f1b1fd806ee4c2",
                "sha256:06c48159c1abed75c2e721b1715c379fa3200c7784271b3c46df01383b593636",
                "sha256:0808014eb713677ec1292301ea4c81ad277b6cdf2fdd90fd540af98c0b101d20",
                "sha256:10dffb601ccfb65262a27233ac273d552ddc4d8ae1bf93b21c94b8511bffe728",
                "sha256:14cd121ea63ecdae71efa69c15c5543a4b5fbcd0bbe2aad864baca0063cecf27",
                "sha256:17771976e82e9f94976180f76468546834d22a7cc404b17c22df2a2c81db0c66",
                "sha256:181dee03b1170ff1969489acf1c26533710231c58f95534e3edac87fff06c443",
                "sha256:23cfe892bd5dd8941608f93348c0737e369e51c100d03718f108bf1add7bd6d0",
                "sha256:263cc3d821c4ab2213cbe8cd8b355a7f72a8324577dc865ef98487c1aeee2bc7",
                "sha256:2756c88cbb94231c7a147402476be2c4df2f6078099a6f4a480d239a8817ae39",
                "sha256:27c219baf94952ae9d50ec19651a687b826792055353d07648a5695413e0c605",
                "sha256:2a23af14f408d53d5e6cd4e3d9a24ff9e05906ad574822a10563efcef137979a",
                "sha256:31fb708d9d7c3f49a60f04cf5b119aeefe5644daba1cd2a0fe389b674fd1de37",
                "sha256:3415c89f9204ee60cd09b235810be700e993e343a408693e80ce7f6a40108029",
                "sha256:3773c4d81e6e818df2efbc7dd77325ca0dcb688116050fb2b3011218eda36139",
                "sha256:3b96a311ac60a3f6be21d2572e46ce67f09abcf4d09344c49274eb9e0bf345fc",
                "sha256:3f7d084648d77af029acb79a0ff49a0ad7e9d09057a9bf46596dac9514dc07df",
                "sha256:41d45de54cd277a7878919867c0f08b0cf817605e4eb94093e7516505d3c8d14",
                "sha256:4238e6dab5d6a8ba812de994bbb0a79bddbdf80994e4ce802b6f6f3142fcc880",
                "sha256:45db3a33139e9c8f7c09234b5784a5e33d31fd6907800b316decad50af323ff2",
                "sha256:45e8636704eacc432a206ac7345a5d3d2c62d95a507ec70d62f23cd91770482a",
                "sha256:4958391dbd6249d7ad855b9ca88fae690783a6be9e86df65865058ed81fc860e",
                "sha256:4a306fa632e8f0928956a41fa8e1d6243c71e7eb59ffbd165fc0b41e316b2474",
                "sha256:57e9ac9ccc3101fac9d6014fba037473e4358ef4e89f8e181f8951a2c0162024",
                "sha256:59888172256cac5629e60e72e86598027aca6bf01fa2465bdb676d37636573e8",
                "sha256:5e069f72d497312b24fcc02073d70cb989045d1c91cbd53979366077959933e0",
                "sha256:64d4ec9f448dfe041705426000cc13e34e6e5bb13736e9fd62e34a0b0c41566e",
                "sha256:6dc2737a3674b3e344847c8686cf29e500584ccad76204efea14f451d4cc669a",
                "sha256:74fdfdbfdc48d3f47148976f49fab3251e550a8720bebc99bf1483f5bfb5db3e",
                "sha256:75e4024375654472cc27e91cbe9eaa08567f7fbdf822638be2814ce059f58032",
                "sha256:786902fb9ba7433aae840e0ed609f45c7bcd4e225ebb9c753aa39725bb3e6ad6",
                "sha256:8b6c2ea03845c9f501ed1313e78de148cd3f6cad741a75d43a29b43da27f2e1e",
                "sha256:91d77d2a782be4274da750752bb1650a97bfd8f291022b379bb8e01c66b4e96b",
                "sha256:91ec59c33514b7c7559a6acda53bbfe1b283949c34fe7440bcf917f96ac0723e",
                "sha256:920f0d66a896c2d99f0adbb391f990a84091179542c205fa53ce5787aff87954",
                "sha256:a5263e363c27b653a90078143adb3d076c1a748ec9ecc78ea2fb916f9b861962",
                "sha256:abb9a20a72ac4e0fdb50dae135ba5e77880518e742077ced47eb1499e29a443c",
                "sha256:c2051981a968d7de9dd2d7b87bcb9c939c74a34626a6e2f8181455dd49ed69e4",
                "sha256:c21c9e3896c23007803a875460fb786118f0cdd4434359577ea25eb556e34c55",
                "sha256:c2502a1a03b6312837279c8c1bd3ebedf6c12c4228ddbad40912d671ccc8a962",
                "sha256:d4d692a89c5cf08a8557fdeb329b82e7bf609aadfaed6c0d79f5a449a3c7c023",
                "sha256:da5db4e883f1ce37f55c667e5c0de439df76ac4cb55964655906306918e7363c",
                "sha256:e7022a66d9b55e93e1a845d8c9eba2a1bebd4966cd8bfc25d9cd07d515b33fa6",
                "sha256:ef1f279350da2c586a69d32fc8733092fd32cc8ac95139a00377841f59a3f8d8",
                "sha256:f54a64f8b0c8ff0b64d18aa76675262e1700f3995182267998c31ae974fbc382",
                "sha256:f5c7150ad32ba43a07c4479f40241756145a1f03b43480e058cfd862bf5041c7",
                "sha256:f6f824dc3bce0edab5f427efcfb1d63ee75b6fcb7282900ccaf925be84efb0fc",
                "sha256:fd8a250edc26254fe5b33be00402e6d287f562b6a5b2152dec302fa15bb3e997",
                "sha256:ffaa5c925128e29efbde7301d8ecaf35c8c60ffbcd6a1ffd3a552177c8e5e796"
            ],
            "version": "==1.15.0"
        },
        "chardet": {
            "hashes": [
                "sha256:84ab92ed1c4d4f16916e05906b6b75a6c0fb5db821cc65e70cbd64a3e2a5eaae",
                "sha256:fc323ffcaeaed0e0a02bf4d117757b98aed530d9ed4531e3e15460124c106691"
            ],
            "version": "==3.0.4"
        },
        "cryptography": {
            "hashes": [
                "sha256:0a3bf09bb0b7a2c93ce7b98cb107e9170a90c51a0162a20af1c61c765b90e60b",
                "sha256:1f64a62b3b75e4005df19d3b5235abd43fa6358d5516cfc43d87aeba8d08dd51",
                "sha256:32db5cc49c73f39aac27574522cecd0a4bb7384e71198bc65a0d23f901e89bb7",
                "sha256:4881d09298cd0b669bb15b9cfe6166f16fc1277b4ed0d04a22f3d6430cb30f1d",
                "sha256:4e2dddd38a5ba733be6a025a1475a9f45e4e41139d1321f412c6b360b19070b6",
                "sha256:53e0285b49fd0ab6e604f4c5d9c5ddd98de77018542e88366923f152dbeb3c29",
                "sha256:70f8f4f7bb2ac9f340655cbac89d68c527af5bb4387522a8413e841e3e6628c9",
                "sha256:7b2d54e787a884ffc6e187262823b6feb06c338084bbe80d45166a1cb1c6c5bf",
                "sha256:7be666cc4599b415f320839e36367b273db8501127b38316f3b9f22f17a0b815",
                "sha256:8241cac0aae90b82d6b5c443b853723bcc66963970c67e56e71a2609dc4b5eaf",
                "sha256:82740818f2f240a5da8dfb8943b360e4f24022b093207160c77cadade47d7c85",
                "sha256:8897b7b7ec077c819187a123174b645eb680c13df68354ed99f9b40a50898f77",
                "sha256:c2c5250ff0d36fd58550252f54915776940e4e866f38f3a7866d92b32a654b86",
                "sha256:ca9f686517ec2c4a4ce930207f75c00bf03d94e5063cbc00a1dc42531511b7eb",
                "sha256:d2b3d199647468d410994dbeb8cec5816fb74feb9368aedf300af709ef507e3e",
                "sha256:da73d095f8590ad437cd5e9faf6628a218aa7c387e1fdf67b888b47ba56a17f0",
                "sha256:e167b6b710c7f7bc54e67ef593f8731e1f45aa35f8a8a7b72d6e42ec76afd4b3",
                "sha256:ea634401ca02367c1567f012317502ef3437522e2fc44a3ea1844de028fa4b84",
                "sha256:ec6597aa85ce03f3e507566b8bcdf9da2227ec86c4266bd5e6ab4d9e0cc8dab2",
                "sha256:f64b232348ee82f13aac22856515ce0195837f6968aeaa94a3d0353ea2ec06a6"
            ],
            "markers": "python_version >= '3.6'",
            "version": "==36.0.2"
        },
        "cycler": {
            "hashes": [
                "sha256:3a27e95f763a428a739d2add979fa7494c912a32c17c4c38c4d5f082cad165a3",
                "sha256:9c87405839a19696e837b3b818fed3f5f69f16f1eec1a1ad77e043dcea9c772f"
            ],
            "markers": "python_version >= '3.6'",
            "version": "==0.11.0"
        },
        "distro": {
            "hashes": [
                "sha256:151aeccf60c216402932b52e40ee477a939f8d58898927378a02abbe852c1c39",
                "sha256:d596311d707e692c2160c37807f83e3820c5d539d5a83e87cfb6babd8ba3a06b"
            ],
            "markers": "python_version >= '3.6'",
            "version": "==1.7.0"
        },
        "docker": {
            "extras": [
                "ssh"
            ],
            "hashes": [
                "sha256:7a79bb439e3df59d0a72621775d600bc8bc8b422d285824cb37103eab91d1ce0",
                "sha256:d916a26b62970e7c2f554110ed6af04c7ccff8e9f81ad17d0d40c75637e227fb"
            ],
            "markers": "python_version >= '3.6'",
            "version": "==5.0.3"
        },
        "docker-compose": {
            "hashes": [
                "sha256:4c8cd9d21d237412793d18bd33110049ee9af8dab3fe2c213bbd0733959b09b7",
                "sha256:8d5589373b35c8d3b1c8c1182c6e4a4ff14bffa3dd0b605fcd08f73c94cef809"
            ],
            "markers": "python_version >= '3.4'",
            "version": "==1.29.2"
        },
        "dockerpty": {
            "hashes": [
                "sha256:69a9d69d573a0daa31bcd1c0774eeed5c15c295fe719c61aca550ed1393156ce"
            ],
            "version": "==0.4.1"
        },
        "docopt": {
            "hashes": [
                "sha256:49b3a825280bd66b3aa83585ef59c4a8c82f2c8a522dbe754a8bc8d08c85c491"
            ],
            "version": "==0.6.2"
        },
        "docutils": {
            "hashes": [
                "sha256:6c4f696463b79f1fb8ba0c594b63840ebd41f059e92b31957c46b74a4599b6d0",
                "sha256:9e4d7ecfc600058e07ba661411a2b7de2fd0fafa17d1a7f7361cd47b1175c827",
                "sha256:a2aeea129088da402665e92e0b25b04b073c04b2dce4ab65caaa38b7ce2e1a99"
            ],
            "markers": "python_version >= '2.6' and python_version not in '3.0, 3.1, 3.2, 3.3'",
            "version": "==0.15.2"
        },
        "fabric": {
            "hashes": [
                "sha256:0bf797a68c4b389720dc4dd6181497a58c41ed762e283d9e3c1b0148b32a9aff",
                "sha256:e8bfe851719a88be24f40ad7e96ac5bf023ce1af650b561d7641ed1eaed55fe5"
            ],
            "version": "==2.7.0"
        },
        "fsspec": {
            "hashes": [
                "sha256:20322c659538501f52f6caa73b08b2ff570b7e8ea30a86559721d090e473ad5c",
                "sha256:eb9c9d9aee49d23028deefffe53e87c55d3515512c63f57e893710301001449a"
            ],
            "markers": "python_version >= '3.7'",
            "version": "==2022.2.0"
        },
        "idna": {
            "hashes": [
                "sha256:156a6814fb5ac1fc6850fb002e0852d56c0c8d2531923a51032d1b70760e186e",
                "sha256:684a38a6f903c1d71d6d5fac066b58d7768af4de2b832e426ec79c30daa94a16"
            ],
            "version": "==2.7"
        },
        "importlib-metadata": {
            "hashes": [
                "sha256:1208431ca90a8cca1a6b8af391bb53c1a2db74e5d1cef6ddced95d4b2062edc6",
                "sha256:ea4c597ebf37142f827b8f39299579e31685c31d3a438b59f469406afd0f2539"
            ],
            "markers": "python_version < '3.8'",
            "version": "==4.11.3"
        },
        "invoke": {
            "hashes": [
                "sha256:a5159fc63dba6ca2a87a1e33d282b99cea69711b03c64a35bb4e1c53c6c4afa0",
                "sha256:e332e49de40463f2016315f51df42313855772be86435686156bc18f45b5cc6c"
            ],
            "version": "==1.7.0"
        },
        "jmespath": {
            "hashes": [
                "sha256:b85d0567b8666149a93172712e68920734333c0ce7e89b78b3e987f71e5ed4f9",
                "sha256:cdf6525904cc597730141d61b36f2e4b8ecc257c420fa2f4549bac2c2d0cb72f"
            ],
            "markers": "python_version >= '2.6' and python_version not in '3.0, 3.1, 3.2, 3.3'",
            "version": "==0.10.0"
        },
        "jsonschema": {
            "hashes": [
                "sha256:4e5b3cf8216f577bee9ce139cbe72eca3ea4f292ec60928ff24758ce626cd163",
                "sha256:c8a85b28d377cc7737e46e2d9f2b4f44ee3c0e1deac6bf46ddefc7187d30797a"
            ],
            "version": "==3.2.0"
        },
        "kiwisolver": {
            "hashes": [
                "sha256:0b7f50a1a25361da3440f07c58cd1d79957c2244209e4f166990e770256b6b0b",
                "sha256:0c380bb5ae20d829c1a5473cfcae64267b73aaa4060adc091f6df1743784aae0",
                "sha256:0d98dca86f77b851350c250f0149aa5852b36572514d20feeadd3c6b1efe38d0",
                "sha256:0e45e780a74416ef2f173189ef4387e44b5494f45e290bcb1f03735faa6779bf",
                "sha256:0e8afdf533b613122e4bbaf3c1e42c2a5e9e2d1dd3a0a017749a7658757cb377",
                "sha256:1008346a7741620ab9cc6c96e8ad9b46f7a74ce839dbb8805ddf6b119d5fc6c2",
                "sha256:1d1078ba770d6165abed3d9a1be1f9e79b61515de1dd00d942fa53bba79f01ae",
                "sha256:1dcade8f6fe12a2bb4efe2cbe22116556e3b6899728d3b2a0d3b367db323eacc",
                "sha256:240009fdf4fa87844f805e23f48995537a8cb8f8c361e35fda6b5ac97fcb906f",
                "sha256:240c2d51d098395c012ddbcb9bd7b3ba5de412a1d11840698859f51d0e643c4f",
                "sha256:262c248c60f22c2b547683ad521e8a3db5909c71f679b93876921549107a0c24",
                "sha256:2e6cda72db409eefad6b021e8a4f964965a629f577812afc7860c69df7bdb84a",
                "sha256:3c032c41ae4c3a321b43a3650e6ecc7406b99ff3e5279f24c9b310f41bc98479",
                "sha256:42f6ef9b640deb6f7d438e0a371aedd8bef6ddfde30683491b2e6f568b4e884e",
                "sha256:484f2a5f0307bc944bc79db235f41048bae4106ffa764168a068d88b644b305d",
                "sha256:69b2d6c12f2ad5f55104a36a356192cfb680c049fe5e7c1f6620fc37f119cdc2",
                "sha256:6e395ece147f0692ca7cdb05a028d31b83b72c369f7b4a2c1798f4b96af1e3d8",
                "sha256:6ece2e12e4b57bc5646b354f436416cd2a6f090c1dadcd92b0ca4542190d7190",
                "sha256:71469b5845b9876b8d3d252e201bef6f47bf7456804d2fbe9a1d6e19e78a1e65",
                "sha256:7f606d91b8a8816be476513a77fd30abe66227039bd6f8b406c348cb0247dcc9",
                "sha256:7f88c4b8e449908eeddb3bbd4242bd4dc2c7a15a7aa44bb33df893203f02dc2d",
                "sha256:81237957b15469ea9151ec8ca08ce05656090ffabc476a752ef5ad7e2644c526",
                "sha256:89b57c2984f4464840e4b768affeff6b6809c6150d1166938ade3e22fbe22db8",
                "sha256:8a830a03970c462d1a2311c90e05679da56d3bd8e78a4ba9985cb78ef7836c9f",
                "sha256:8ae5a071185f1a93777c79a9a1e67ac46544d4607f18d07131eece08d415083a",
                "sha256:8b6086aa6936865962b2cee0e7aaecf01ab6778ce099288354a7229b4d9f1408",
                "sha256:8ec2e55bf31b43aabe32089125dca3b46fdfe9f50afbf0756ae11e14c97b80ca",
                "sha256:8ff3033e43e7ca1389ee59fb7ecb8303abb8713c008a1da49b00869e92e3dd7c",
                "sha256:91eb4916271655dfe3a952249cb37a5c00b6ba68b4417ee15af9ba549b5ba61d",
                "sha256:9d2bb56309fb75a811d81ed55fbe2208aa77a3a09ff5f546ca95e7bb5fac6eff",
                "sha256:a4e8f072db1d6fb7a7cc05a6dbef8442c93001f4bb604f1081d8c2db3ca97159",
                "sha256:b1605c7c38cc6a85212dfd6a641f3905a33412e49f7c003f35f9ac6d71f67720",
                "sha256:b3e251e5c38ac623c5d786adb21477f018712f8c6fa54781bd38aa1c60b60fc2",
                "sha256:b978afdb913ca953cf128d57181da2e8798e8b6153be866ae2a9c446c6162f40",
                "sha256:be9a650890fb60393e60aacb65878c4a38bb334720aa5ecb1c13d0dac54dd73b",
                "sha256:c222f91a45da9e01a9bc4f760727ae49050f8e8345c4ff6525495f7a164c8973",
                "sha256:c839bf28e45d7ddad4ae8f986928dbf5a6d42ff79760d54ec8ada8fb263e097c",
                "sha256:cbb5eb4a2ea1ffec26268d49766cafa8f957fe5c1b41ad00733763fae77f9436",
                "sha256:e348f1904a4fab4153407f7ccc27e43b2a139752e8acf12e6640ba683093dd96",
                "sha256:e677cc3626287f343de751e11b1e8a5b915a6ac897e8aecdbc996cd34de753a0",
                "sha256:f74f2a13af201559e3d32b9ddfc303c94ae63d63d7f4326d06ce6fe67e7a8255",
                "sha256:fa4d97d7d2b2c082e67907c0b8d9f31b85aa5d3ba0d33096b7116f03f8061261",
                "sha256:ffbdb9a96c536f0405895b5e21ee39ec579cb0ed97bdbd169ae2b55f41d73219"
            ],
            "markers": "python_version >= '3.7'",
            "version": "==1.4.2"
        },
        "matplotlib": {
            "hashes": [
                "sha256:1febd22afe1489b13c6749ea059d392c03261b2950d1d45c17e3aed812080c93",
                "sha256:31a30d03f39528c79f3a592857be62a08595dec4ac034978ecd0f814fa0eec2d",
                "sha256:4442ce720907f67a79d45de9ada47be81ce17e6c2f448b3c64765af93f6829c9",
                "sha256:796edbd1182cbffa7e1e7a97f1e141f875a8501ba8dd834269ae3cd45a8c976f",
                "sha256:934e6243df7165aad097572abf5b6003c77c9b6c480c3c4de6f2ef1b5fdd4ec0",
                "sha256:bab9d848dbf1517bc58d1f486772e99919b19efef5dd8596d4b26f9f5ee08b6b",
                "sha256:c1fe1e6cdaa53f11f088b7470c2056c0df7d80ee4858dadf6cbe433fcba4323b",
                "sha256:e5b8aeca9276a3a988caebe9f08366ed519fff98f77c6df5b64d7603d0e42e36",
                "sha256:ec6bd0a6a58df3628ff269978f4a4b924a0d371ad8ce1f8e2b635b99e482877a"
            ],
            "index": "pypi",
            "version": "==3.1.1"
        },
        "numpy": {
            "hashes": [
                "sha256:0b0dd8f47fb177d00fa6ef2d58783c4f41ad3126b139c91dd2f7c4b3fdf5e9a5",
                "sha256:25ffe71f96878e1da7e014467e19e7db90ae7d4e12affbc73101bcf61785214e",
                "sha256:26efd7f7d755e6ca966a5c0ac5a930a87dbbaab1c51716ac26a38f42ecc9bc4b",
                "sha256:28b1180c758abf34a5c3fea76fcee66a87def1656724c42bb14a6f9717a5bdf7",
                "sha256:2e418f0a59473dac424f888dd57e85f77502a593b207809211c76e5396ae4f5c",
                "sha256:30c84e3a62cfcb9e3066f25226e131451312a044f1fe2040e69ce792cb7de418",
                "sha256:4650d94bb9c947151737ee022b934b7d9a845a7c76e476f3e460f09a0c8c6f39",
                "sha256:4dd830a11e8724c9c9379feed1d1be43113f8bcce55f47ea7186d3946769ce26",
                "sha256:4f2a2b279efde194877aff1f76cf61c68e840db242a5c7169f1ff0fd59a2b1e2",
                "sha256:62d22566b3e3428dfc9ec972014c38ed9a4db4f8969c78f5414012ccd80a149e",
                "sha256:669795516d62f38845c7033679c648903200980d68935baaa17ac5c7ae03ae0c",
                "sha256:75fcd60d682db3e1f8fbe2b8b0c6761937ad56d01c1dc73edf4ef2748d5b6bc4",
                "sha256:9395b0a41e8b7e9a284e3be7060db9d14ad80273841c952c83a5afc241d2bd98",
                "sha256:9e37c35fc4e9410093b04a77d11a34c64bf658565e30df7cbe882056088a91c1",
                "sha256:a0678793096205a4d784bd99f32803ba8100f639cf3b932dc63b21621390ea7e",
                "sha256:b46554ad4dafb2927f88de5a1d207398c5385edbb5c84d30b3ef187c4a3894d8",
                "sha256:c867eeccd934920a800f65c6068acdd6b87e80d45cd8c8beefff783b23cdc462",
                "sha256:dd0667f5be56fb1b570154c2c0516a528e02d50da121bbbb2cbb0b6f87f59bc2",
                "sha256:de2b1c20494bdf47f0160bd88ed05f5e48ae5dc336b8de7cfade71abcc95c0b9",
                "sha256:f1df7b2b7740dd777571c732f98adb5aad5450aee32772f1b39249c8a50386f6",
                "sha256:ffca69e29079f7880c5392bf675eb8b4146479d976ae1924d01cd92b04cccbcc"
            ],
            "index": "pypi",
            "version": "==1.17.3"
        },
        "pandas": {
            "hashes": [
                "sha256:0f484f43658a72e7d586a74978259657839b5bd31b903e963bb1b1491ab51775",
                "sha256:0ffc6f9e20e77f3a7dc8baaad9c7fd25b858b084d3a2d8ce877bc3ea804e0636",
                "sha256:23e0eac646419c3057f15eb96ab821964848607bf1d4ea5a82f26565986ec5e9",
                "sha256:27c0603b15b5c6fa24885253bbe49a0c289381e7759385c59308ba4f0b166cf1",
                "sha256:397fe360643fffc5b26b41efdf608647e3334a618d185a07976cd2dc51c90bce",
                "sha256:3dbb3aa41c01504255bff2bd56944bdb915f6c9ce4bac7e2868efbace0b2a639",
                "sha256:4e07c63247c59d61c6ebdbbb50196143cec6c5044403510c4e1a9d31854a83d6",
                "sha256:4fa6d9235c6d2fecbeca82c3d326abd255866cafbfd37f66a0e826544e619760",
                "sha256:56cb88b3876363d410a9d7724f43641ff164e2c9902d3266a648213e2efd5e6d",
                "sha256:7ce1be1614455f83710b9a5dc1fc602a755bdddbe4dda1d41515062923a37bbf",
                "sha256:ae1c96ffdeec376895e533107e0b0f9da16225a2184fbb24a5abc866769db75e",
                "sha256:b6f27c9231be8a23de846f2302373991467dd8e397a4804d2614e8c5aa8d5a90",
                "sha256:c6056067f894f9355bedcd168dd740aa849908d41c0a74756f6e38f203e941b3",
                "sha256:ca91a19d1f0a280874a24dca44aadce42da7f3a7edb7e9ab7c7baad8febee2be",
                "sha256:cbe4985f5c82a173f8cff6b7fe92d551addf99fb4ea9ff4eb4b1fe606bb098ec",
                "sha256:e3e9893bfe80a8b8e6d56d36ebb7afe1df77db7b4068a6e2ef3636a91f6f1caa",
                "sha256:e7b218e8711910dac3fed0d19376cd1ef0e386be5175965d332fd0c65d02a43b",
                "sha256:ec48d18b8b63a5dbb838e8ea7892ee1034299e03f852bd9b6dffe870310414dd",
                "sha256:f4ab6280277e3208a59bfa9f2e51240304d09e69ffb65abfb4a21d678b495f74"
            ],
            "index": "pypi",
            "version": "==0.25.2"
        },
        "paramiko": {
            "hashes": [
                "sha256:443f4da23ec24e9a9c0ea54017829c282abdda1d57110bf229360775ccd27a31",
                "sha256:f6cbd3e1204abfdbcd40b3ecbc9d32f04027cd3080fe666245e21e7540ccfc1b"
            ],
            "index": "pypi",
            "version": "==2.10.1"
        },
        "pathlib2": {
            "hashes": [
                "sha256:5266a0fd000452f1b3467d782f079a4343c63aaa119221fbdc4e39577489ca5b",
                "sha256:9fe0edad898b83c0c3e199c842b27ed216645d2e177757b2dd67384d4113c641"
            ],
            "version": "==2.3.7.post1"
        },
        "protobuf": {
            "hashes": [
                "sha256:072fbc78d705d3edc7ccac58a62c4c8e0cec856987da7df8aca86e647be4e35c",
                "sha256:09297b7972da685ce269ec52af761743714996b4381c085205914c41fcab59fb",
                "sha256:16f519de1313f1b7139ad70772e7db515b1420d208cb16c6d7858ea989fc64a9",
                "sha256:1c91ef4110fdd2c590effb5dca8fdbdcb3bf563eece99287019c4204f53d81a4",
                "sha256:3112b58aac3bac9c8be2b60a9daf6b558ca3f7681c130dcdd788ade7c9ffbdca",
                "sha256:36cecbabbda242915529b8ff364f2263cd4de7c46bbe361418b5ed859677ba58",
                "sha256:4276cdec4447bd5015453e41bdc0c0c1234eda08420b7c9a18b8d647add51e4b",
                "sha256:435bb78b37fc386f9275a7035fe4fb1364484e38980d0dd91bc834a02c5ec909",
                "sha256:48ed3877fa43e22bcacc852ca76d4775741f9709dd9575881a373bd3e85e54b2",
                "sha256:54a1473077f3b616779ce31f477351a45b4fef8c9fd7892d6d87e287a38df368",
                "sha256:69da7d39e39942bd52848438462674c463e23963a1fdaa84d88df7fbd7e749b2",
                "sha256:6cbc312be5e71869d9d5ea25147cdf652a6781cf4d906497ca7690b7b9b5df13",
                "sha256:7bb03bc2873a2842e5ebb4801f5c7ff1bfbdf426f85d0172f7644fcda0671ae0",
                "sha256:7ca7da9c339ca8890d66958f5462beabd611eca6c958691a8fe6eccbd1eb0c6e",
                "sha256:835a9c949dc193953c319603b2961c5c8f4327957fe23d914ca80d982665e8ee",
                "sha256:84123274d982b9e248a143dadd1b9815049f4477dc783bf84efe6250eb4b836a",
                "sha256:8961c3a78ebfcd000920c9060a262f082f29838682b1f7201889300c1fbe0616",
                "sha256:96bd766831596d6014ca88d86dc8fe0fb2e428c0b02432fd9db3943202bf8c5e",
                "sha256:9df0c10adf3e83015ced42a9a7bd64e13d06c4cf45c340d2c63020ea04499d0a",
                "sha256:b38057450a0c566cbd04890a40edf916db890f2818e8682221611d78dc32ae26",
                "sha256:bd95d1dfb9c4f4563e6093a9aa19d9c186bf98fa54da5252531cc0d3a07977e7",
                "sha256:c1068287025f8ea025103e37d62ffd63fec8e9e636246b89c341aeda8a67c934",
                "sha256:c438268eebb8cf039552897d78f402d734a404f1360592fef55297285f7f953f",
                "sha256:cdc076c03381f5c1d9bb1abdcc5503d9ca8b53cf0a9d31a9f6754ec9e6c8af0f",
                "sha256:f358aa33e03b7a84e0d91270a4d4d8f5df6921abe99a377828839e8ed0c04e07",
                "sha256:f51d5a9f137f7a2cec2d326a74b6e3fc79d635d69ffe1b036d39fc7d75430d37"
            ],
            "markers": "python_version >= '3.5'",
            "version": "==3.19.4"
        },
        "protobuf3-to-dict": {
            "hashes": [
                "sha256:1e42c25b5afb5868e3a9b1962811077e492c17557f9c66f0fe40d821375d2b5a"
            ],
            "version": "==0.1.5"
        },
        "pycparser": {
            "hashes": [
                "sha256:8ee45429555515e1f6b185e78100aea234072576aa43ab53aefcae078162fca9",
                "sha256:e644fdec12f7872f86c58ff790da456218b10f863970249516d60a5eaca77206"
            ],
            "version": "==2.21"
        },
        "pynacl": {
            "hashes": [
                "sha256:06b8f6fa7f5de8d5d2f7573fe8c863c051225a27b61e6860fd047b1775807858",
                "sha256:0c84947a22519e013607c9be43706dd42513f9e6ae5d39d3613ca1e142fba44d",
                "sha256:20f42270d27e1b6a29f54032090b972d97f0a1b0948cc52392041ef7831fee93",
                "sha256:401002a4aaa07c9414132aaed7f6836ff98f59277a234704ff66878c2ee4a0d1",
                "sha256:52cb72a79269189d4e0dc537556f4740f7f0a9ec41c1322598799b0bdad4ef92",
                "sha256:61f642bf2378713e2c2e1de73444a3778e5f0a38be6fee0fe532fe30060282ff",
                "sha256:8ac7448f09ab85811607bdd21ec2464495ac8b7c66d146bf545b0f08fb9220ba",
                "sha256:a36d4a9dda1f19ce6e03c9a784a2921a4b726b02e1c736600ca9c22029474394",
                "sha256:a422368fc821589c228f4c49438a368831cb5bbc0eab5ebe1d7fac9dded6567b",
                "sha256:e46dae94e34b085175f8abb3b0aaa7da40767865ac82c928eeb9e57e1ea8a543"
            ],
            "markers": "python_version >= '3.6'",
            "version": "==1.5.0"
        },
        "pyparsing": {
            "hashes": [
                "sha256:18ee9022775d270c55187733956460083db60b37d0d0fb357445f3094eed3eea",
                "sha256:a6c06a88f252e6c322f65faf8f418b16213b51bdfaece0524c1c1bc30c63c484"
            ],
            "markers": "python_version >= '3.6'",
            "version": "==3.0.7"
        },
        "pyrsistent": {
            "hashes": [
                "sha256:0e3e1fcc45199df76053026a51cc59ab2ea3fc7c094c6627e93b7b44cdae2c8c",
                "sha256:1b34eedd6812bf4d33814fca1b66005805d3640ce53140ab8bbb1e2651b0d9bc",
                "sha256:4ed6784ceac462a7d6fcb7e9b663e93b9a6fb373b7f43594f9ff68875788e01e",
                "sha256:5d45866ececf4a5fff8742c25722da6d4c9e180daa7b405dc0a2a2790d668c26",
                "sha256:636ce2dc235046ccd3d8c56a7ad54e99d5c1cd0ef07d9ae847306c91d11b5fec",
                "sha256:6455fc599df93d1f60e1c5c4fe471499f08d190d57eca040c0ea182301321286",
                "sha256:6bc66318fb7ee012071b2792024564973ecc80e9522842eb4e17743604b5e045",
                "sha256:7bfe2388663fd18bd8ce7db2c91c7400bf3e1a9e8bd7d63bf7e77d39051b85ec",
                "sha256:7ec335fc998faa4febe75cc5268a9eac0478b3f681602c1f27befaf2a1abe1d8",
                "sha256:914474c9f1d93080338ace89cb2acee74f4f666fb0424896fcfb8d86058bf17c",
                "sha256:b568f35ad53a7b07ed9b1b2bae09eb15cdd671a5ba5d2c66caee40dbf91c68ca",
                "sha256:cdfd2c361b8a8e5d9499b9082b501c452ade8bbf42aef97ea04854f4a3f43b22",
                "sha256:d1b96547410f76078eaf66d282ddca2e4baae8964364abb4f4dcdde855cd123a",
                "sha256:d4d61f8b993a7255ba714df3aca52700f8125289f84f704cf80916517c46eb96",
                "sha256:d7a096646eab884bf8bed965bad63ea327e0d0c38989fc83c5ea7b8a87037bfc",
                "sha256:df46c854f490f81210870e509818b729db4488e1f30f2a1ce1698b2295a878d1",
                "sha256:e24a828f57e0c337c8d8bb9f6b12f09dfdf0273da25fda9e314f0b684b415a07",
                "sha256:e4f3149fd5eb9b285d6bfb54d2e5173f6a116fe19172686797c056672689daf6",
                "sha256:e92a52c166426efbe0d1ec1332ee9119b6d32fc1f0bbfd55d5c1088070e7fc1b",
                "sha256:f87cc2863ef33c709e237d4b5f4502a62a00fab450c9e020892e8e2ede5847f5",
                "sha256:fd8da6d0124efa2f67d86fa70c851022f87c98e205f0594e1fae044e7119a5a6"
            ],
            "markers": "python_version >= '3.7'",
            "version": "==0.18.1"
        },
        "python-dateutil": {
            "hashes": [
                "sha256:0123cacc1627ae19ddf3c27a5de5bd67ee4586fbdd6440d9748f8abb483d3e86",
                "sha256:961d03dc3453ebbc59dbdea9e4e11c5651520a876d0f4db161e8674aae935da9"
            ],
            "markers": "python_version >= '2.7' and python_version not in '3.0, 3.1, 3.2, 3.3'",
            "version": "==2.8.2"
        },
        "python-dotenv": {
            "hashes": [
                "sha256:b7e3b04a59693c42c36f9ab1cc2acc46fa5df8c78e178fc33a8d4cd05c8d498f",
                "sha256:d92a187be61fe482e4fd675b6d52200e7be63a12b724abbf931a40ce4fa92938"
            ],
            "markers": "python_version >= '3.5'",
            "version": "==0.20.0"
        },
        "pytz": {
            "hashes": [
                "sha256:1e760e2fe6a8163bc0b3d9a19c4f84342afa0a2affebfaa84b01b978a02ecaa7",
                "sha256:e68985985296d9a66a881eb3193b0906246245294a881e7c8afe623866ac6a5c"
            ],
            "version": "==2022.1"
        },
        "pyyaml": {
            "hashes": [
                "sha256:08682f6b72c722394747bddaf0aa62277e02557c0fd1c42cb853016a38f8dedf",
                "sha256:0f5f5786c0e09baddcd8b4b45f20a7b5d61a7e7e99846e3c799b05c7c53fa696",
                "sha256:129def1b7c1bf22faffd67b8f3724645203b79d8f4cc81f674654d9902cb4393",
                "sha256:294db365efa064d00b8d1ef65d8ea2c3426ac366c0c4368d930bf1c5fb497f77",
                "sha256:3b2b1824fe7112845700f815ff6a489360226a5609b96ec2190a45e62a9fc922",
                "sha256:3bd0e463264cf257d1ffd2e40223b197271046d09dadf73a0fe82b9c1fc385a5",
                "sha256:4465124ef1b18d9ace298060f4eccc64b0850899ac4ac53294547536533800c8",
                "sha256:49d4cdd9065b9b6e206d0595fee27a96b5dd22618e7520c33204a4a3239d5b10",
                "sha256:4e0583d24c881e14342eaf4ec5fbc97f934b999a6828693a99157fde912540cc",
                "sha256:5accb17103e43963b80e6f837831f38d314a0495500067cb25afab2e8d7a4018",
                "sha256:607774cbba28732bfa802b54baa7484215f530991055bb562efbed5b2f20a45e",
                "sha256:6c78645d400265a062508ae399b60b8c167bf003db364ecb26dcab2bda048253",
                "sha256:72a01f726a9c7851ca9bfad6fd09ca4e090a023c00945ea05ba1638c09dc3347",
                "sha256:74c1485f7707cf707a7aef42ef6322b8f97921bd89be2ab6317fd782c2d53183",
                "sha256:895f61ef02e8fed38159bb70f7e100e00f471eae2bc838cd0f4ebb21e28f8541",
                "sha256:8c1be557ee92a20f184922c7b6424e8ab6691788e6d86137c5d93c1a6ec1b8fb",
                "sha256:bb4191dfc9306777bc594117aee052446b3fa88737cd13b7188d0e7aa8162185",
                "sha256:bfb51918d4ff3d77c1c856a9699f8492c612cde32fd3bcd344af9be34999bfdc",
                "sha256:c20cfa2d49991c8b4147af39859b167664f2ad4561704ee74c1de03318e898db",
                "sha256:cb333c16912324fd5f769fff6bc5de372e9e7a202247b48870bc251ed40239aa",
                "sha256:d2d9808ea7b4af864f35ea216be506ecec180628aced0704e34aca0b040ffe46",
                "sha256:d483ad4e639292c90170eb6f7783ad19490e7a8defb3e46f97dfe4bacae89122",
                "sha256:dd5de0646207f053eb0d6c74ae45ba98c3395a571a2891858e87df7c9b9bd51b",
                "sha256:e1d4970ea66be07ae37a3c2e48b5ec63f7ba6804bdddfdbd3cfd954d25a82e63",
                "sha256:e4fac90784481d221a8e4b1162afa7c47ed953be40d31ab4629ae917510051df",
                "sha256:fa5ae20527d8e831e8230cbffd9f8fe952815b2b7dae6ffec25318803a7528fc",
                "sha256:fd7f6999a8070df521b6384004ef42833b9bd62cfee11a09bda1079b4b704247",
                "sha256:fdc842473cd33f45ff6bce46aea678a54e3d21f1b61a7750ce3c498eedfe25d6",
                "sha256:fe69978f3f768926cfa37b867e3843918e012cf83f680806599ddce33c2c68b0"
            ],
            "markers": "python_version >= '2.7' and python_version not in '3.0, 3.1, 3.2, 3.3, 3.4, 3.5'",
            "version": "==5.4.1"
        },
        "requests": {
            "hashes": [
                "sha256:65b3a120e4329e33c9889db89c80976c5272f56ea92d3e74da8a463992e3ff54",
                "sha256:ea881206e59f41dbd0bd445437d792e43906703fff75ca8ff43ccdb11f33f263"
            ],
            "markers": "python_version >= '2.7' and python_version not in '3.0, 3.1, 3.2, 3.3'",
            "version": "==2.20.1"
        },
        "s3fs": {
            "hashes": [
                "sha256:f1d8d80ae7789e6c95f8432e3ec12d1c28e624aecf8c84afed373fb182b505ab"
            ],
            "index": "pypi",
            "version": "==0.3.5"
        },
        "s3transfer": {
            "hashes": [
                "sha256:6efc926738a3cd576c2a79725fed9afde92378aa5c6a957e3af010cb019fac9d",
                "sha256:b780f2411b824cb541dbcd2c713d0cb61c7d1bcadae204cdddda2b35cef493ba"
            ],
            "version": "==0.2.1"
        },
        "sagemaker": {
            "hashes": [
                "sha256:cf805fb95ac250ecbd4090a017001eb32a01da764a44bb496225d477009c210d"
            ],
            "index": "pypi",
            "version": "==1.43.4"
        },
        "scipy": {
            "hashes": [
                "sha256:033ce76ed4e9f62923e1f8124f7e2b0800db533828c853b402c7eec6e9465d80",
                "sha256:173308efba2270dcd61cd45a30dfded6ec0085b4b6eb33b5eb11ab443005e088",
                "sha256:21b66200cf44b1c3e86495e3a436fc7a26608f92b8d43d344457c54f1c024cbc",
                "sha256:2c56b820d304dffcadbbb6cbfbc2e2c79ee46ea291db17e288e73cd3c64fefa9",
                "sha256:304dfaa7146cffdb75fbf6bb7c190fd7688795389ad060b970269c8576d038e9",
                "sha256:3f78181a153fa21c018d346f595edd648344751d7f03ab94b398be2ad083ed3e",
                "sha256:4d242d13206ca4302d83d8a6388c9dfce49fc48fdd3c20efad89ba12f785bf9e",
                "sha256:5d1cc2c19afe3b5a546ede7e6a44ce1ff52e443d12b231823268019f608b9b12",
                "sha256:5f2cfc359379c56b3a41b17ebd024109b2049f878badc1e454f31418c3a18436",
                "sha256:65bd52bf55f9a1071398557394203d881384d27b9c2cad7df9a027170aeaef93",
                "sha256:7edd9a311299a61e9919ea4192dd477395b50c014cdc1a1ac572d7c27e2207fa",
                "sha256:8499d9dd1459dc0d0fe68db0832c3d5fc1361ae8e13d05e6849b358dc3f2c279",
                "sha256:866ada14a95b083dd727a845a764cf95dd13ba3dc69a16b99038001b05439709",
                "sha256:87069cf875f0262a6e3187ab0f419f5b4280d3dcf4811ef9613c605f6e4dca95",
                "sha256:93378f3d14fff07572392ce6a6a2ceb3a1f237733bd6dcb9eb6a2b29b0d19085",
                "sha256:95c2d250074cfa76715d58830579c64dff7354484b284c2b8b87e5a38321672c",
                "sha256:ab5875facfdef77e0a47d5fd39ea178b58e60e454a4c85aa1e52fcb80db7babf",
                "sha256:b0e0aeb061a1d7dcd2ed59ea57ee56c9b23dd60100825f98238c06ee5cc4467e",
                "sha256:b78a35c5c74d336f42f44106174b9851c783184a85a3fe3e68857259b37b9ffb",
                "sha256:c9e04d7e9b03a8a6ac2045f7c5ef741be86727d8f49c45db45f244bdd2bcff17",
                "sha256:ca36e7d9430f7481fc7d11e015ae16fbd5575615a8e9060538104778be84addf",
                "sha256:ceebc3c4f6a109777c0053dfa0282fddb8893eddfb0d598574acfb734a926168",
                "sha256:e2c036492e673aad1b7b0d0ccdc0cb30a968353d2c4bf92ac8e73509e1bf212c",
                "sha256:eb326658f9b73c07081300daba90a8746543b5ea177184daed26528273157294",
                "sha256:eb7ae2c4dbdb3c9247e07acc532f91077ae6dbc40ad5bd5dca0bb5a176ee9bda",
                "sha256:edad1cf5b2ce1912c4d8ddad20e11d333165552aba262c882e28c78bbc09dbf6",
                "sha256:eef93a446114ac0193a7b714ce67659db80caf940f3232bad63f4c7a81bc18df",
                "sha256:f7eaea089345a35130bc9a39b89ec1ff69c208efa97b3f8b25ea5d4c41d88094",
                "sha256:f99d206db1f1ae735a8192ab93bd6028f3a42f6fa08467d37a14eb96c9dd34a3"
            ],
            "markers": "python_version < '3.11' and python_version >= '3.7'",
            "version": "==1.7.3"
        },
        "setuptools": {
            "hashes": [
                "sha256:8f4813dd6a4d6cc17bde85fb2e635fe19763f96efbb0ddf5575562e5ee0bc47a",
                "sha256:c3d4e2ab578fbf83775755cd76dae73627915a22832cf4ea5de895978767833b"
            ],
            "markers": "python_version >= '3.7'",
            "version": "==61.2.0"
        },
        "six": {
            "hashes": [
                "sha256:1e61c37477a1626458e36f7b1d82aa5c9b094fa4802892072e49de9c60c4c926",
                "sha256:8abb2f1d86890a2dfb989f9a77cfcfd3e47c2a354b01111771326f8aa26e0254"
            ],
            "markers": "python_version >= '2.7' and python_version not in '3.0, 3.1, 3.2, 3.3'",
            "version": "==1.16.0"
        },
        "texttable": {
            "hashes": [
                "sha256:42ee7b9e15f7b225747c3fa08f43c5d6c83bc899f80ff9bae9319334824076e9",
                "sha256:dd2b0eaebb2a9e167d1cefedab4700e5dcbdb076114eed30b58b97ed6b37d6f2"
            ],
            "version": "==1.6.4"
        },
        "typing-extensions": {
            "hashes": [
                "sha256:1a9462dcc3347a79b1f1c0271fbe79e844580bb598bafa1ed208b94da3cdcd42",
                "sha256:21c85e0fe4b9a155d0799430b0ad741cdce7e359660ccbd8b530613e8df88ce2"
            ],
            "markers": "python_version < '3.8'",
            "version": "==4.1.1"
        },
        "urllib3": {
            "hashes": [
                "sha256:2393a695cd12afedd0dcb26fe5d50d0cf248e5a66f75dbd89a3d4eb333a61af4",
                "sha256:a637e5fae88995b256e3409dc4d52c2e2e0ba32c42a6365fee8bbd2238de3cfb"
            ],
            "markers": "python_version >= '2.7' and python_version not in '3.0, 3.1, 3.2, 3.3' and python_version < '4'",
            "version": "==1.24.3"
        },
        "websocket-client": {
            "hashes": [
                "sha256:2e50d26ca593f70aba7b13a489435ef88b8fc3b5c5643c1ce8808ff9b40f0b32",
                "sha256:d376bd60eace9d437ab6d7ee16f4ab4e821c9dae591e1b783c58ebd8aaf80c5c"
            ],
            "markers": "python_version >= '2.6' and python_version not in '3.0, 3.1, 3.2, 3.3'",
            "version": "==0.59.0"
        },
        "zipp": {
            "hashes": [
                "sha256:9f50f446828eb9d45b267433fd3e9da8d801f614129124863f9c51ebceafb87d",
                "sha256:b47250dd24f92b7dd6a0a8fc5244da14608f3ca90a5efcd37a3b1642fac9a375"
            ],
            "markers": "python_version >= '3.7'",
            "version": "==3.7.0"
        }
    },
    "develop": {}
}
